{
  "version": 4,
  "terraform_version": "1.15.1",
  "serial": 16,
  "lineage": "1f438ac5-6a00-e232-26ea-b5caa7550141",
  "outputs": {
    "app_service_url": {
      "value": "https://app-imageapp-dev.azurewebsites.net",
      "type": "string"
    },
    "key_vault_name": {
      "value": "kv-imageapp-dev",
      "type": "string"
    },
    "key_vault_url": {
      "value": "https://kv-imageapp-dev.vault.azure.net/",
      "type": "string"
    },
    "resource_group_name": {
      "value": "rg-imageapp-dev",
      "type": "string"
    },
    "storage_account_name": {
      "value": "stimageappdev",
      "type": "string"
    },
    "storage_container_name": {
      "value": "images",
      "type": "string"
    }
  },
  "resources": [
    {
      "mode": "data",
      "type": "azurerm_client_config",
      "name": "current",
      "provider": "provider[\"registry.terraform.io/hashicorp/azurerm\"]",
      "instances": [
        {
          "schema_version": 0,
          "attributes": {
            "client_id": "04b07795-8ddb-461a-bbee-02f9e1bf7b46",
            "id": "Y2xpZW50Q29uZmlncy9jbGllbnRJZD0wNGIwNzc5NS04ZGRiLTQ2MWEtYmJlZS0wMmY5ZTFiZjdiNDY7b2JqZWN0SWQ9YzgzN2VmOWItNmVhMC00NjMzLWE5MTUtY2ViOWQ4MjM0MjdhO3N1YnNjcmlwdGlvbklkPWU3ZjlmZDEzLWFjZTQtNDg5Ny04ODhiLWY5OTFhMGRlZTg0MDt0ZW5hbnRJZD0zZTc1MmI4MS1iMWMxLTRiNDUtOTc1Ni01YzkyMjlkY2JiNjc=",
            "object_id": "c837ef9b-6ea0-4633-a915-ceb9d823427a",
            "subscription_id": "e7f9fd13-ace4-4897-888b-f991a0dee840",
            "tenant_id": "3e752b81-b1c1-4b45-9756-5c9229dcbb67",
            "timeouts": null
          },
          "sensitive_attributes": [],
          "identity_schema_version": 0
        }
      ]
    },
    {
      "mode": "managed",
      "type": "azurerm_key_vault",
      "name": "kv",
      "provider": "provider[\"registry.terraform.io/hashicorp/azurerm\"]",
      "instances": [
        {
          "schema_version": 2,
          "attributes": {
            "access_policy": [],
            "contact": [],
            "enable_rbac_authorization": false,
            "enabled_for_deployment": false,
            "enabled_for_disk_encryption": false,
            "enabled_for_template_deployment": false,
            "id": "/subscriptions/e7f9fd13-ace4-4897-888b-f991a0dee840/resourceGroups/rg-imageapp-dev/providers/Microsoft.KeyVault/vaults/kv-imageapp-dev",
            "location": "uaenorth",
            "name": "kv-imageapp-dev",
            "network_acls": [
              {
                "bypass": "AzureServices",
                "default_action": "Allow",
                "ip_rules": [],
                "virtual_network_subnet_ids": []
              }
            ],
            "public_network_access_enabled": true,
            "purge_protection_enabled": false,
            "resource_group_name": "rg-imageapp-dev",
            "sku_name": "standard",
            "soft_delete_retention_days": 90,
            "tags": {
              "environment": "dev",
              "project": "imageapp"
            },
            "tenant_id": "3e752b81-b1c1-4b45-9756-5c9229dcbb67",
            "timeouts": null,
            "vault_uri": "https://kv-imageapp-dev.vault.azure.net/"
          },
          "sensitive_attributes": [],
          "identity_schema_version": 0,
          "private": "eyJlMmJmYjczMC1lY2FhLTExZTYtOGY4OC0zNDM2M2JjN2M0YzAiOnsiY3JlYXRlIjoxODAwMDAwMDAwMDAwLCJkZWxldGUiOjE4MDAwMDAwMDAwMDAsInJlYWQiOjMwMDAwMDAwMDAwMCwidXBkYXRlIjoxODAwMDAwMDAwMDAwfSwic2NoZW1hX3ZlcnNpb24iOiIyIn0=",
          "dependencies": [
            "azurerm_resource_group.rg",
            "data.azurerm_client_config.current"
          ]
        }
      ]
    },
    {
      "mode": "managed",
      "type": "azurerm_key_vault_access_policy",
      "name": "app_service",
      "provider": "provider[\"registry.terraform.io/hashicorp/azurerm\"]",
      "instances": [
        {
          "schema_version": 0,
          "attributes": {
            "application_id": null,
            "certificate_permissions": null,
            "id": "/subscriptions/e7f9fd13-ace4-4897-888b-f991a0dee840/resourceGroups/rg-imageapp-dev/providers/Microsoft.KeyVault/vaults/kv-imageapp-dev/objectId/29dcfa3e-1f0e-4b85-93e6-3dacdc4e76a6",
            "key_permissions": null,
            "key_vault_id": "/subscriptions/e7f9fd13-ace4-4897-888b-f991a0dee840/resourceGroups/rg-imageapp-dev/providers/Microsoft.KeyVault/vaults/kv-imageapp-dev",
            "object_id": "29dcfa3e-1f0e-4b85-93e6-3dacdc4e76a6",
            "secret_permissions": [
              "Get",
              "List"
            ],
            "storage_permissions": null,
            "tenant_id": "3e752b81-b1c1-4b45-9756-5c9229dcbb67",
            "timeouts": null
          },
          "sensitive_attributes": [],
          "identity_schema_version": 0,
          "private": "eyJlMmJmYjczMC1lY2FhLTExZTYtOGY4OC0zNDM2M2JjN2M0YzAiOnsiY3JlYXRlIjoxODAwMDAwMDAwMDAwLCJkZWxldGUiOjE4MDAwMDAwMDAwMDAsInJlYWQiOjMwMDAwMDAwMDAwMCwidXBkYXRlIjoxODAwMDAwMDAwMDAwfX0=",
          "dependencies": [
            "azurerm_key_vault.kv",
            "azurerm_linux_web_app.app",
            "azurerm_resource_group.rg",
            "azurerm_service_plan.plan",
            "azurerm_storage_account.storage",
            "azurerm_storage_container.images",
            "data.azurerm_client_config.current"
          ]
        }
      ]
    },
    {
      "mode": "managed",
      "type": "azurerm_key_vault_access_policy",
      "name": "deployer",
      "provider": "provider[\"registry.terraform.io/hashicorp/azurerm\"]",
      "instances": [
        {
          "schema_version": 0,
          "attributes": {
            "application_id": null,
            "certificate_permissions": null,
            "id": "/subscriptions/e7f9fd13-ace4-4897-888b-f991a0dee840/resourceGroups/rg-imageapp-dev/providers/Microsoft.KeyVault/vaults/kv-imageapp-dev/objectId/c837ef9b-6ea0-4633-a915-ceb9d823427a",
            "key_permissions": null,
            "key_vault_id": "/subscriptions/e7f9fd13-ace4-4897-888b-f991a0dee840/resourceGroups/rg-imageapp-dev/providers/Microsoft.KeyVault/vaults/kv-imageapp-dev",
            "object_id": "c837ef9b-6ea0-4633-a915-ceb9d823427a",
            "secret_permissions": [
              "Get",
              "List",
              "Set",
              "Delete",
              "Purge"
            ],
            "storage_permissions": null,
            "tenant_id": "3e752b81-b1c1-4b45-9756-5c9229dcbb67",
            "timeouts": null
          },
          "sensitive_attributes": [],
          "identity_schema_version": 0,
          "private": "eyJlMmJmYjczMC1lY2FhLTExZTYtOGY4OC0zNDM2M2JjN2M0YzAiOnsiY3JlYXRlIjoxODAwMDAwMDAwMDAwLCJkZWxldGUiOjE4MDAwMDAwMDAwMDAsInJlYWQiOjMwMDAwMDAwMDAwMCwidXBkYXRlIjoxODAwMDAwMDAwMDAwfX0=",
          "dependencies": [
            "azurerm_key_vault.kv",
            "azurerm_resource_group.rg",
            "data.azurerm_client_config.current"
          ]
        }
      ]
    },
    {
      "mode": "managed",
      "type": "azurerm_key_vault_secret",
      "name": "storage_connection",
      "provider": "provider[\"registry.terraform.io/hashicorp/azurerm\"]",
      "instances": [
        {
          "schema_version": 0,
          "attributes": {
            "content_type": "",
            "expiration_date": null,
            "id": "https://kv-imageapp-dev.vault.azure.net/secrets/StorageConnectionString/59a203a7b31a4a768958fa61a6df05d0",
            "key_vault_id": "/subscriptions/e7f9fd13-ace4-4897-888b-f991a0dee840/resourceGroups/rg-imageapp-dev/providers/Microsoft.KeyVault/vaults/kv-imageapp-dev",
            "name": "StorageConnectionString",
            "not_before_date": null,
            "resource_id": "/subscriptions/e7f9fd13-ace4-4897-888b-f991a0dee840/resourceGroups/rg-imageapp-dev/providers/Microsoft.KeyVault/vaults/kv-imageapp-dev/secrets/StorageConnectionString/versions/59a203a7b31a4a768958fa61a6df05d0",
            "resource_versionless_id": "/subscriptions/e7f9fd13-ace4-4897-888b-f991a0dee840/resourceGroups/rg-imageapp-dev/providers/Microsoft.KeyVault/vaults/kv-imageapp-dev/secrets/StorageConnectionString",
            "tags": null,
            "timeouts": null,
            "value": "DefaultEndpointsProtocol=https;AccountName=stimageappdev;AccountKey=hnYV0LoaPXsV+OQIUPAKLxEEC5TJq2cFfX2GnIITnZu3klu/MI9zeKOUfZFAnZd3FWJRuGCuXotK+ASt2NL8WQ==;EndpointSuffix=core.windows.net",
            "version": "59a203a7b31a4a768958fa61a6df05d0",
            "versionless_id": "https://kv-imageapp-dev.vault.azure.net/secrets/StorageConnectionString"
          },
          "sensitive_attributes": [
            [
              {
                "type": "get_attr",
                "value": "value"
              }
            ]
          ],
          "identity_schema_version": 0,
          "private": "eyJlMmJmYjczMC1lY2FhLTExZTYtOGY4OC0zNDM2M2JjN2M0YzAiOnsiY3JlYXRlIjoxODAwMDAwMDAwMDAwLCJkZWxldGUiOjE4MDAwMDAwMDAwMDAsInJlYWQiOjE4MDAwMDAwMDAwMDAsInVwZGF0ZSI6MTgwMDAwMDAwMDAwMH19",
          "dependencies": [
            "azurerm_key_vault.kv",
            "azurerm_key_vault_access_policy.deployer",
            "azurerm_resource_group.rg",
            "azurerm_storage_account.storage",
            "data.azurerm_client_config.current"
          ]
        }
      ]
    },
    {
      "mode": "managed",
      "type": "azurerm_linux_web_app",
      "name": "app",
      "provider": "provider[\"registry.terraform.io/hashicorp/azurerm\"]",
      "instances": [
        {
          "schema_version": 1,
          "attributes": {
            "app_settings": {
              "KEY_VAULT_URL": "https://kv-imageapp-dev.vault.azure.net/",
              "SCM_DO_BUILD_DURING_DEPLOYMENT": "true",
              "STORAGE_CONTAINER_NAME": "images"
            },
            "auth_settings": [],
            "auth_settings_v2": [],
            "backup": [],
            "client_affinity_enabled": false,
            "client_certificate_enabled": false,
            "client_certificate_exclusion_paths": "",
            "client_certificate_mode": "Required",
            "connection_string": [],
            "custom_domain_verification_id": "8644F9992A55DED331F8AE2BCC639FAA371B4E8DC8980CC3667A919920E5AF69",
            "default_hostname": "app-imageapp-dev.azurewebsites.net",
            "enabled": true,
            "ftp_publish_basic_authentication_enabled": true,
            "hosting_environment_id": "",
            "https_only": false,
            "id": "/subscriptions/e7f9fd13-ace4-4897-888b-f991a0dee840/resourceGroups/rg-imageapp-dev/providers/Microsoft.Web/sites/app-imageapp-dev",
            "identity": [
              {
                "identity_ids": null,
                "principal_id": "29dcfa3e-1f0e-4b85-93e6-3dacdc4e76a6",
                "tenant_id": "3e752b81-b1c1-4b45-9756-5c9229dcbb67",
                "type": "SystemAssigned"
              }
            ],
            "key_vault_reference_identity_id": "SystemAssigned",
            "kind": "app,linux",
            "location": "uaenorth",
            "logs": [],
            "name": "app-imageapp-dev",
            "outbound_ip_address_list": [
              "20.233.214.211",
              "74.162.197.196",
              "20.203.69.34",
              "20.233.137.131",
              "20.233.214.235",
              "20.174.112.80",
              "40.120.127.174",
              "20.203.78.159",
              "20.233.136.63",
              "74.162.181.251",
              "20.203.66.69",
              "74.162.182.13",
              "20.74.195.2"
            ],
            "outbound_ip_addresses": "20.233.214.211,74.162.197.196,20.203.69.34,20.233.137.131,20.233.214.235,20.174.112.80,40.120.127.174,20.203.78.159,20.233.136.63,74.162.181.251,20.203.66.69,74.162.182.13,20.74.195.2",
            "possible_outbound_ip_address_list": [
              "20.233.214.211",
              "74.162.197.196",
              "20.203.69.34",
              "20.233.137.131",
              "20.233.214.235",
              "20.174.112.80",
              "40.120.127.174",
              "20.203.78.159",
              "20.233.136.63",
              "74.162.181.251",
              "20.203.66.69",
              "74.162.182.13",
              "20.233.137.78",
              "74.162.187.29",
              "74.162.197.163",
              "40.120.127.182",
              "74.162.189.170",
              "74.162.197.178",
              "74.162.190.75",
              "20.233.214.4",
              "74.162.182.160",
              "20.233.214.48",
              "74.162.197.189",
              "40.120.127.231",
              "20.203.85.159",
              "20.233.138.144",
              "20.233.88.65",
              "20.203.69.185",
              "20.174.105.175",
              "20.203.86.57",
              "20.74.195.2"
            ],
            "possible_outbound_ip_addresses": "20.233.214.211,74.162.197.196,20.203.69.34,20.233.137.131,20.233.214.235,20.174.112.80,40.120.127.174,20.203.78.159,20.233.136.63,74.162.181.251,20.203.66.69,74.162.182.13,20.233.137.78,74.162.187.29,74.162.197.163,40.120.127.182,74.162.189.170,74.162.197.178,74.162.190.75,20.233.214.4,74.162.182.160,20.233.214.48,74.162.197.189,40.120.127.231,20.203.85.159,20.233.138.144,20.233.88.65,20.203.69.185,20.174.105.175,20.203.86.57,20.74.195.2",
            "public_network_access_enabled": true,
            "resource_group_name": "rg-imageapp-dev",
            "service_plan_id": "/subscriptions/e7f9fd13-ace4-4897-888b-f991a0dee840/resourceGroups/rg-imageapp-dev/providers/Microsoft.Web/serverFarms/plan-imageapp-dev",
            "site_config": [
              {
                "always_on": false,
                "api_definition_url": "",
                "api_management_api_id": "",
                "app_command_line": "",
                "application_stack": [
                  {
                    "docker_image": "",
                    "docker_image_name": "",
                    "docker_image_tag": "",
                    "docker_registry_password": "",
                    "docker_registry_url": "",
                    "docker_registry_username": "",
                    "dotnet_version": "",
                    "go_version": "",
                    "java_server": "",
                    "java_server_version": "",
                    "java_version": "",
                    "node_version": "",
                    "php_version": "",
                    "python_version": "3.11",
                    "ruby_version": ""
                  }
                ],
                "auto_heal_enabled": false,
                "auto_heal_setting": [],
                "container_registry_managed_identity_client_id": "",
                "container_registry_use_managed_identity": false,
                "cors": [],
                "default_documents": [
                  "Default.htm",
                  "Default.html",
                  "Default.asp",
                  "index.htm",
                  "index.html",
                  "iisstart.htm",
                  "default.aspx",
                  "index.php",
                  "hostingstart.html"
                ],
                "detailed_error_logging_enabled": false,
                "ftps_state": "Disabled",
                "health_check_eviction_time_in_min": 0,
                "health_check_path": "",
                "http2_enabled": false,
                "ip_restriction": [],
                "ip_restriction_default_action": "Allow",
                "linux_fx_version": "PYTHON|3.11",
                "load_balancing_mode": "LeastRequests",
                "local_mysql_enabled": false,
                "managed_pipeline_mode": "Integrated",
                "minimum_tls_version": "1.2",
                "remote_debugging_enabled": false,
                "remote_debugging_version": "VS2022",
                "scm_ip_restriction": [],
                "scm_ip_restriction_default_action": "Allow",
                "scm_minimum_tls_version": "1.2",
                "scm_type": "None",
                "scm_use_main_ip_restriction": false,
                "use_32_bit_worker": true,
                "vnet_route_all_enabled": false,
                "websockets_enabled": false,
                "worker_count": 1
              }
            ],
            "site_credential": [
              {
                "name": "$app-imageapp-dev",
                "password": "eN6gfDiDPN4NlB8fRDsnDs8zQo2s8ddjm1Y3ig9zYJiL2ab8mdRFbtSgftyy"
              }
            ],
            "sticky_settings": [],
            "storage_account": [],
            "tags": {
              "environment": "dev",
              "project": "imageapp"
            },
            "timeouts": null,
            "virtual_network_subnet_id": "",
            "webdeploy_publish_basic_authentication_enabled": true,
            "zip_deploy_file": ""
          },
          "sensitive_attributes": [
            [
              {
                "type": "get_attr",
                "value": "custom_domain_verification_id"
              }
            ],
            [
              {
                "type": "get_attr",
                "value": "site_config"
              },
              {
                "type": "index",
                "value": {
                  "value": 0,
                  "type": "number"
                }
              },
              {
                "type": "get_attr",
                "value": "application_stack"
              },
              {
                "type": "index",
                "value": {
                  "value": 0,
                  "type": "number"
                }
              },
              {
                "type": "get_attr",
                "value": "docker_registry_password"
              }
            ],
            [
              {
                "type": "get_attr",
                "value": "site_credential"
              }
            ]
          ],
          "identity_schema_version": 0,
          "private": "eyJlMmJmYjczMC1lY2FhLTExZTYtOGY4OC0zNDM2M2JjN2M0YzAiOnsiY3JlYXRlIjoxODAwMDAwMDAwMDAwLCJkZWxldGUiOjE4MDAwMDAwMDAwMDAsInJlYWQiOjMwMDAwMDAwMDAwMCwidXBkYXRlIjoxODAwMDAwMDAwMDAwfSwic2NoZW1hX3ZlcnNpb24iOiIxIn0=",
          "dependencies": [
            "azurerm_key_vault.kv",
            "azurerm_resource_group.rg",
            "azurerm_service_plan.plan",
            "azurerm_storage_account.storage",
            "azurerm_storage_container.images",
            "data.azurerm_client_config.current"
          ]
        }
      ]
    },
    {
      "mode": "managed",
      "type": "azurerm_resource_group",
      "name": "rg",
      "provider": "provider[\"registry.terraform.io/hashicorp/azurerm\"]",
      "instances": [
        {
          "schema_version": 0,
          "attributes": {
            "id": "/subscriptions/e7f9fd13-ace4-4897-888b-f991a0dee840/resourceGroups/rg-imageapp-dev",
            "location": "uaenorth",
            "managed_by": "",
            "name": "rg-imageapp-dev",
            "tags": null,
            "timeouts": null
          },
          "sensitive_attributes": [],
          "identity_schema_version": 0,
          "private": "eyJlMmJmYjczMC1lY2FhLTExZTYtOGY4OC0zNDM2M2JjN2M0YzAiOnsiY3JlYXRlIjo1NDAwMDAwMDAwMDAwLCJkZWxldGUiOjU0MDAwMDAwMDAwMDAsInJlYWQiOjMwMDAwMDAwMDAwMCwidXBkYXRlIjo1NDAwMDAwMDAwMDAwfX0="
        }
      ]
    },
    {
      "mode": "managed",
      "type": "azurerm_service_plan",
      "name": "plan",
      "provider": "provider[\"registry.terraform.io/hashicorp/azurerm\"]",
      "instances": [
        {
          "schema_version": 1,
          "attributes": {
            "app_service_environment_id": "",
            "id": "/subscriptions/e7f9fd13-ace4-4897-888b-f991a0dee840/resourceGroups/rg-imageapp-dev/providers/Microsoft.Web/serverFarms/plan-imageapp-dev",
            "kind": "linux",
            "location": "uaenorth",
            "maximum_elastic_worker_count": 1,
            "name": "plan-imageapp-dev",
            "os_type": "Linux",
            "per_site_scaling_enabled": false,
            "reserved": true,
            "resource_group_name": "rg-imageapp-dev",
            "sku_name": "F1",
            "tags": null,
            "timeouts": null,
            "worker_count": 1,
            "zone_balancing_enabled": false
          },
          "sensitive_attributes": [],
          "identity_schema_version": 0,
          "private": "eyJlMmJmYjczMC1lY2FhLTExZTYtOGY4OC0zNDM2M2JjN2M0YzAiOnsiY3JlYXRlIjozNjAwMDAwMDAwMDAwLCJkZWxldGUiOjM2MDAwMDAwMDAwMDAsInJlYWQiOjMwMDAwMDAwMDAwMCwidXBkYXRlIjozNjAwMDAwMDAwMDAwfSwic2NoZW1hX3ZlcnNpb24iOiIxIn0=",
          "dependencies": [
            "azurerm_resource_group.rg"
          ]
        }
      ]
    },
    {
      "mode": "managed",
      "type": "azurerm_storage_account",
      "name": "storage",
      "provider": "provider[\"registry.terraform.io/hashicorp/azurerm\"]",
      "instances": [
        {
          "schema_version": 4,
          "attributes": {
            "access_tier": "Hot",
            "account_kind": "StorageV2",
            "account_replication_type": "LRS",
            "account_tier": "Standard",
            "allow_nested_items_to_be_public": true,
            "allowed_copy_scope": "",
            "azure_files_authentication": [],
            "blob_properties": [
              {
                "change_feed_enabled": false,
                "change_feed_retention_in_days": 0,
                "container_delete_retention_policy": [],
                "cors_rule": [],
                "default_service_version": "",
                "delete_retention_policy": [],
                "last_access_time_enabled": false,
                "restore_policy": [],
                "versioning_enabled": false
              }
            ],
            "cross_tenant_replication_enabled": true,
            "custom_domain": [],
            "customer_managed_key": [],
            "default_to_oauth_authentication": false,
            "dns_endpoint_type": "Standard",
            "edge_zone": "",
            "enable_https_traffic_only": true,
            "https_traffic_only_enabled": true,
            "id": "/subscriptions/e7f9fd13-ace4-4897-888b-f991a0dee840/resourceGroups/rg-imageapp-dev/providers/Microsoft.Storage/storageAccounts/stimageappdev",
            "identity": [],
            "immutability_policy": [],
            "infrastructure_encryption_enabled": false,
            "is_hns_enabled": false,
            "large_file_share_enabled": false,
            "local_user_enabled": true,
            "location": "uaenorth",
            "min_tls_version": "TLS1_2",
            "name": "stimageappdev",
            "network_rules": [],
            "nfsv3_enabled": false,
            "primary_access_key": "hnYV0LoaPXsV+OQIUPAKLxEEC5TJq2cFfX2GnIITnZu3klu/MI9zeKOUfZFAnZd3FWJRuGCuXotK+ASt2NL8WQ==",
            "primary_blob_connection_string": "DefaultEndpointsProtocol=https;BlobEndpoint=https://stimageappdev.blob.core.windows.net/;AccountName=stimageappdev;AccountKey=hnYV0LoaPXsV+OQIUPAKLxEEC5TJq2cFfX2GnIITnZu3klu/MI9zeKOUfZFAnZd3FWJRuGCuXotK+ASt2NL8WQ==",
            "primary_blob_endpoint": "https://stimageappdev.blob.core.windows.net/",
            "primary_blob_host": "stimageappdev.blob.core.windows.net",
            "primary_blob_internet_endpoint": "",
            "primary_blob_internet_host": "",
            "primary_blob_microsoft_endpoint": "",
            "primary_blob_microsoft_host": "",
            "primary_connection_string": "DefaultEndpointsProtocol=https;AccountName=stimageappdev;AccountKey=hnYV0LoaPXsV+OQIUPAKLxEEC5TJq2cFfX2GnIITnZu3klu/MI9zeKOUfZFAnZd3FWJRuGCuXotK+ASt2NL8WQ==;EndpointSuffix=core.windows.net",
            "primary_dfs_endpoint": "https://stimageappdev.dfs.core.windows.net/",
            "primary_dfs_host": "stimageappdev.dfs.core.windows.net",
            "primary_dfs_internet_endpoint": "",
            "primary_dfs_internet_host": "",
            "primary_dfs_microsoft_endpoint": "",
            "primary_dfs_microsoft_host": "",
            "primary_file_endpoint": "https://stimageappdev.file.core.windows.net/",
            "primary_file_host": "stimageappdev.file.core.windows.net",
            "primary_file_internet_endpoint": "",
            "primary_file_internet_host": "",
            "primary_file_microsoft_endpoint": "",
            "primary_file_microsoft_host": "",
            "primary_location": "uaenorth",
            "primary_queue_endpoint": "https://stimageappdev.queue.core.windows.net/",
            "primary_queue_host": "stimageappdev.queue.core.windows.net",
            "primary_queue_microsoft_endpoint": "",
            "primary_queue_microsoft_host": "",
            "primary_table_endpoint": "https://stimageappdev.table.core.windows.net/",
            "primary_table_host": "stimageappdev.table.core.windows.net",
            "primary_table_microsoft_endpoint": "",
            "primary_table_microsoft_host": "",
            "primary_web_endpoint": "https://stimageappdev.z1.web.core.windows.net/",
            "primary_web_host": "stimageappdev.z1.web.core.windows.net",
            "primary_web_internet_endpoint": "",
            "primary_web_internet_host": "",
            "primary_web_microsoft_endpoint": "",
            "primary_web_microsoft_host": "",
            "public_network_access_enabled": true,
            "queue_encryption_key_type": "Service",
            "queue_properties": [
              {
                "cors_rule": [],
                "hour_metrics": [
                  {
                    "enabled": false,
                    "include_apis": false,
                    "retention_policy_days": 0,
                    "version": "1.0"
                  }
                ],
                "logging": [
                  {
                    "delete": false,
                    "read": false,
                    "retention_policy_days": 0,
                    "version": "1.0",
                    "write": false
                  }
                ],
                "minute_metrics": [
                  {
                    "enabled": false,
                    "include_apis": false,
                    "retention_policy_days": 0,
                    "version": "1.0"
                  }
                ]
              }
            ],
            "resource_group_name": "rg-imageapp-dev",
            "routing": [],
            "sas_policy": [],
            "secondary_access_key": "mFN5V/UQIxONR/FN2anagMoynXyqguTa/uW4bf30QxMiH8x2AVhvpugFxS8mjMQh3a1Eq8nUUcor+AStY3nnYA==",
            "secondary_blob_connection_string": "",
            "secondary_blob_endpoint": "",
            "secondary_blob_host": "",
            "secondary_blob_internet_endpoint": "",
            "secondary_blob_internet_host": "",
            "secondary_blob_microsoft_endpoint": "",
            "secondary_blob_microsoft_host": "",
            "secondary_connection_string": "DefaultEndpointsProtocol=https;AccountName=stimageappdev;AccountKey=mFN5V/UQIxONR/FN2anagMoynXyqguTa/uW4bf30QxMiH8x2AVhvpugFxS8mjMQh3a1Eq8nUUcor+AStY3nnYA==;EndpointSuffix=core.windows.net",
            "secondary_dfs_endpoint": "",
            "secondary_dfs_host": "",
            "secondary_dfs_internet_endpoint": "",
            "secondary_dfs_internet_host": "",
            "secondary_dfs_microsoft_endpoint": "",
            "secondary_dfs_microsoft_host": "",
            "secondary_file_endpoint": "",
            "secondary_file_host": "",
            "secondary_file_internet_endpoint": "",
            "secondary_file_internet_host": "",
            "secondary_file_microsoft_endpoint": "",
            "secondary_file_microsoft_host": "",
            "secondary_location": "",
            "secondary_queue_endpoint": "",
            "secondary_queue_host": "",
            "secondary_queue_microsoft_endpoint": "",
            "secondary_queue_microsoft_host": "",
            "secondary_table_endpoint": "",
            "secondary_table_host": "",
            "secondary_table_microsoft_endpoint": "",
            "secondary_table_microsoft_host": "",
            "secondary_web_endpoint": "",
            "secondary_web_host": "",
            "secondary_web_internet_endpoint": "",
            "secondary_web_internet_host": "",
            "secondary_web_microsoft_endpoint": "",
            "secondary_web_microsoft_host": "",
            "sftp_enabled": false,
            "share_properties": [
              {
                "cors_rule": [],
                "retention_policy": [
                  {
                    "days": 7
                  }
                ],
                "smb": []
              }
            ],
            "shared_access_key_enabled": true,
            "static_website": [],
            "table_encryption_key_type": "Service",
            "tags": {
              "environment": "dev",
              "project": "imageapp"
            },
            "timeouts": null
          },
          "sensitive_attributes": [
            [
              {
                "type": "get_attr",
                "value": "primary_access_key"
              }
            ],
            [
              {
                "type": "get_attr",
                "value": "primary_blob_connection_string"
              }
            ],
            [
              {
                "type": "get_attr",
                "value": "primary_connection_string"
              }
            ],
            [
              {
                "type": "get_attr",
                "value": "secondary_access_key"
              }
            ],
            [
              {
                "type": "get_attr",
                "value": "secondary_blob_connection_string"
              }
            ],
            [
              {
                "type": "get_attr",
                "value": "secondary_connection_string"
              }
            ]
          ],
          "identity_schema_version": 0,
          "private": "eyJlMmJmYjczMC1lY2FhLTExZTYtOGY4OC0zNDM2M2JjN2M0YzAiOnsiY3JlYXRlIjozNjAwMDAwMDAwMDAwLCJkZWxldGUiOjM2MDAwMDAwMDAwMDAsInJlYWQiOjMwMDAwMDAwMDAwMCwidXBkYXRlIjozNjAwMDAwMDAwMDAwfSwic2NoZW1hX3ZlcnNpb24iOiI0In0=",
          "dependencies": [
            "azurerm_resource_group.rg"
          ]
        }
      ]
    },
    {
      "mode": "managed",
      "type": "azurerm_storage_container",
      "name": "images",
      "provider": "provider[\"registry.terraform.io/hashicorp/azurerm\"]",
      "instances": [
        {
          "schema_version": 1,
          "attributes": {
            "container_access_type": "blob",
            "default_encryption_scope": "$account-encryption-key",
            "encryption_scope_override_enabled": true,
            "has_immutability_policy": false,
            "has_legal_hold": false,
            "id": "https://stimageappdev.blob.core.windows.net/images",
            "metadata": {},
            "name": "images",
            "resource_manager_id": "/subscriptions/e7f9fd13-ace4-4897-888b-f991a0dee840/resourceGroups/rg-imageapp-dev/providers/Microsoft.Storage/storageAccounts/stimageappdev/blobServices/default/containers/images",
            "storage_account_name": "stimageappdev",
            "timeouts": null
          },
          "sensitive_attributes": [],
          "identity_schema_version": 0,
          "private": "eyJlMmJmYjczMC1lY2FhLTExZTYtOGY4OC0zNDM2M2JjN2M0YzAiOnsiY3JlYXRlIjoxODAwMDAwMDAwMDAwLCJkZWxldGUiOjE4MDAwMDAwMDAwMDAsInJlYWQiOjMwMDAwMDAwMDAwMCwidXBkYXRlIjoxODAwMDAwMDAwMDAwfSwic2NoZW1hX3ZlcnNpb24iOiIxIn0=",
          "dependencies": [
            "azurerm_resource_group.rg",
            "azurerm_storage_account.storage"
          ]
        }
      ]
    }
  ],
  "check_results": null
}
